
Microsoft Visual Studio Solution File, Format Version 12.00
# Visual Studio Version 17
VisualStudioVersion = 17.10.35013.160
MinimumVisualStudioVersion = 10.0.40219.1
Project("{FAE04EC0-301F-11D3-BF4B-00C04F79EFBC}") = "Social-App.API", "Social-App.API\Social-App.API.csproj", "{4C3E699B-CD5C-4E33-AFCA-C532E5A73DF7}"
EndProject
Project("{FAE04EC0-301F-11D3-BF4B-00C04F79EFBC}") = "Social-App.Domain", "Social-App.Domain\Social-App.Domain.csproj", "{79EE6A0B-692F-424F-8BB1-3BF82464E196}"
EndProject
Project("{FAE04EC0-301F-11D3-BF4B-00C04F79EFBC}") = "Social-App.Application", "Social-App.Application\Social-App.Application.csproj", "{4BE2CB06-EEC3-488D-9377-6655D971C5B3}"
EndProject
Project("{FAE04EC0-301F-11D3-BF4B-00C04F79EFBC}") = "Social-App.Infrastructure", "Social-App.Infrastructure\Social-App.Infrastructure.csproj", "{A7B22475-1CB0-4826-8C34-43F103D2BE0C}"
EndProject
Project("{FAE04EC0-301F-11D3-BF4B-00C04F79EFBC}") = "Social-App.IntegrationEvent", "Social-App.IntegrationEvent\Social-App.IntegrationEvent.csproj", "{9EA8E228-0BF1-4973-83A0-B54FFBD67416}"
EndProject
Global
	GlobalSection(SolutionConfigurationPlatforms) = preSolution
		Debug|Any CPU = Debug|Any CPU
		Release|Any CPU = Release|Any CPU
	EndGlobalSection
	GlobalSection(ProjectConfigurationPlatforms) = postSolution
		{4C3E699B-CD5C-4E33-AFCA-C532E5A73DF7}.Debug|Any CPU.ActiveCfg = Debug|Any CPU
		{4C3E699B-CD5C-4E33-AFCA-C532E5A73DF7}.Debug|Any CPU.Build.0 = Debug|Any CPU
		{4C3E699B-CD5C-4E33-AFCA-C532E5A73DF7}.Release|Any CPU.ActiveCfg = Release|Any CPU
		{4C3E699B-CD5C-4E33-AFCA-C532E5A73DF7}.Release|Any CPU.Build.0 = Release|Any CPU
		{79EE6A0B-692F-424F-8BB1-3BF82464E196}.Debug|Any CPU.ActiveCfg = Debug|Any CPU
		{79EE6A0B-692F-424F-8BB1-3BF82464E196}.Debug|Any CPU.Build.0 = Debug|Any CPU
		{79EE6A0B-692F-424F-8BB1-3BF82464E196}.Release|Any CPU.ActiveCfg = Release|Any CPU
		{79EE6A0B-692F-424F-8BB1-3BF82464E196}.Release|Any CPU.Build.0 = Release|Any CPU
		{4BE2CB06-EEC3-488D-9377-6655D971C5B3}.Debug|Any CPU.ActiveCfg = Debug|Any CPU
		{4BE2CB06-EEC3-488D-9377-6655D971C5B3}.Debug|Any CPU.Build.0 = Debug|Any CPU
		{4BE2CB06-EEC3-488D-9377-6655D971C5B3}.Release|Any CPU.ActiveCfg = Release|Any CPU
		{4BE2CB06-EEC3-488D-9377-6655D971C5B3}.Release|Any CPU.Build.0 = Release|Any CPU
		{A7B22475-1CB0-4826-8C34-43F103D2BE0C}.Debug|Any CPU.ActiveCfg = Debug|Any CPU
		{A7B22475-1CB0-4826-8C34-43F103D2BE0C}.Debug|Any CPU.Build.0 = Debug|Any CPU
		{A7B22475-1CB0-4826-8C34-43F103D2BE0C}.Release|Any CPU.ActiveCfg = Release|Any CPU
		{A7B22475-1CB0-4826-8C34-43F103D2BE0C}.Release|Any CPU.Build.0 = Release|Any CPU
		{9EA8E228-0BF1-4973-83A0-B54FFBD67416}.Debug|Any CPU.ActiveCfg = Debug|Any CPU
		{9EA8E228-0BF1-4973-83A0-B54FFBD67416}.Debug|Any CPU.Build.0 = Debug|Any CPU
		{9EA8E228-0BF1-4973-83A0-B54FFBD67416}.Release|Any CPU.ActiveCfg = Release|Any CPU
		{9EA8E228-0BF1-4973-83A0-B54FFBD67416}.Release|Any CPU.Build.0 = Release|Any CPU
	EndGlobalSection
	GlobalSection(SolutionProperties) = preSolution
		HideSolutionNode = FALSE
	EndGlobalSection
	GlobalSection(ExtensibilityGlobals) = postSolution
		SolutionGuid = {C685AEFA-2831-4A5B-A7F4-353866BEB1D7}
	EndGlobalSection
EndGlobal
